// !$*UTF8*$!
{
	archiveVersion = 1;
	classes = {
	};
	objectVersion = 50;
	objects = {

/* Begin PBXBuildFile section */
		5713ECF5250FFFA80061B2EB /* timeless.mp3 in Resources */ = {isa = PBXBuildFile; fileRef = 5713ECF4250FFFA80061B2EB /* timeless.mp3 */; };
		571C2009250FFABA0063ED62 /* AppDelegate.swift in Sources */ = {isa = PBXBuildFile; fileRef = 571C2008250FFABA0063ED62 /* AppDelegate.swift */; };
		571C200B250FFABA0063ED62 /* SceneDelegate.swift in Sources */ = {isa = PBXBuildFile; fileRef = 571C200A250FFABA0063ED62 /* SceneDelegate.swift */; };
		571C200D250FFABA0063ED62 /* AudioViewController.swift in Sources */ = {isa = PBXBuildFile; fileRef = 571C200C250FFABA0063ED62 /* AudioViewController.swift */; };
		571C2010250FFABA0063ED62 /* Main.storyboard in Resources */ = {isa = PBXBuildFile; fileRef = 571C200E250FFABA0063ED62 /* Main.storyboard */; };
		571C2012250FFABD0063ED62 /* Assets.xcassets in Resources */ = {isa = PBXBuildFile; fileRef = 571C2011250FFABD0063ED62 /* Assets.xcassets */; };
		571C2015250FFABD0063ED62 /* LaunchScreen.storyboard in Resources */ = {isa = PBXBuildFile; fileRef = 571C2013250FFABD0063ED62 /* LaunchScreen.storyboard */; };
/* End PBXBuildFile section */

/* Begin PBXFileReference section */
		5713ECF4250FFFA80061B2EB /* timeless.mp3 */ = {isa = PBXFileReference; lastKnownFileType = audio.mp3; path = timeless.mp3; sourceTree = "<group>"; };
		571C2005250FFABA0063ED62 /* Audio-Trimming.app */ = {isa = PBXFileReference; explicitFileType = wrapper.application; includeInIndex = 0; path = "Audio-Trimming.app"; sourceTree = BUILT_PRODUCTS_DIR; };
		571C2008250FFABA0063ED62 /* AppDelegate.swift */ = {isa = PBXFileReference; lastKnownFileType = sourcecode.swift; path = AppDelegate.swift; sourceTree = "<group>"; };
		571C200A250FFABA0063ED62 /* SceneDelegate.swift */ = {isa = PBXFileReference; lastKnownFileType = sourcecode.swift; path = SceneDelegate.swift; sourceTree = "<group>"; };
		571C200C250FFABA0063ED62 /* AudioViewController.swift */ = {isa = PBXFileReference; lastKnownFileType = sourcecode.swift; path = AudioViewController.swift; sourceTree = "<group>"; };
		571C200F250FFABA0063ED62 /* Base */ = {isa = PBXFileReference; lastKnownFileType = file.storyboard; name = Base; path = Base.lproj/Main.storyboard; sourceTree = "<group>"; };
		571C2011250FFABD0063ED62 /* Assets.xcassets */ = {isa = PBXFileReference; lastKnownFileType = folder.assetcatalog; path = Assets.xcassets; sourceTree = "<group>"; };
		571C2014250FFABD0063ED62 /* Base */ = {isa = PBXFileReference; lastKnownFileType = file.storyboard; name = Base; path = Base.lproj/LaunchScreen.storyboard; sourceTree = "<group>"; };
		571C2016250FFABD0063ED62 /* Info.plist */ = {isa = PBXFileReference; lastKnownFileType = text.plist.xml; path = Info.plist; sourceTree = "<group>"; };
/* End PBXFileReference section */

/* Begin PBXFrameworksBuildPhase section */
		571C2002250FFABA0063ED62 /* Frameworks */ = {
			isa = PBXFrameworksBuildPhase;
			buildActionMask = 2147483647;
			files = (
			);
			runOnlyForDeploymentPostprocessing = 0;
		};
/* End PBXFrameworksBuildPhase section */

/* Begin PBXGroup section */
		571C1FFC250FFABA0063ED62 = {
			isa = PBXGroup;
			children = (
				571C2007250FFABA0063ED62 /* Audio-Trimming */,
				571C2006250FFABA0063ED62 /* Products */,
			);
			sourceTree = "<group>";
		};
		571C2006250FFABA0063ED62 /* Products */ = {
			isa = PBXGroup;
			children = (
				571C2005250FFABA0063ED62 /* Audio-Trimming.app */,
			);
			name = Products;
			sourceTree = "<group>";
		};
		571C2007250FFABA0063ED62 /* Audio-Trimming */ = {
			isa = PBXGroup;
			children = (
				571C2008250FFABA0063ED62 /* AppDelegate.swift */,
				571C200A250FFABA0063ED62 /* SceneDelegate.swift */,
				571C200C250FFABA0063ED62 /* AudioViewController.swift */,
				5713ECF4250FFFA80061B2EB /* timeless.mp3 */,
				571C200E250FFABA0063ED62 /* Main.storyboard */,
				571C2011250FFABD0063ED62 /* Assets.xcassets */,
				571C2013250FFABD0063ED62 /* LaunchScreen.storyboard */,
				571C2016250FFABD0063ED62 /* Info.plist */,
			);
			path = "Audio-Trimming";
			sourceTree = "<group>";
		};
/* End PBXGroup section */

/* Begin PBXNativeTarget section */
		571C2004250FFABA0063ED62 /* Audio-Trimming */ = {
			isa = PBXNativeTarget;
			buildConfigurationList = 571C2019250FFABD0063ED62 /* Build configuration list for PBXNativeTarget "Audio-Trimming" */;
			buildPhases = (
				571C2001250FFABA0063ED62 /* Sources */,
				571C2002250FFABA0063ED62 /* Frameworks */,
				571C2003250FFABA0063ED62 /* Resources */,
			);
			buildRules = (
			);
			dependencies = (
			);
			name = "Audio-Trimming";
			productName = "Audio-Trimming";
			productReference = 571C2005250FFABA0063ED62 /* Audio-Trimming.app */;
			productType = "com.apple.product-type.application";
		};
/* End PBXNativeTarget section */

/* Begin PBXProject section */
		571C1FFD250FFABA0063ED62 /* Project object */ = {
			isa = PBXProject;
			attributes = {
				LastSwiftUpdateCheck = 1170;
				LastUpgradeCheck = 1170;
				ORGANIZATIONNAME = "Alex Paul";
				TargetAttributes = {
					571C2004250FFABA0063ED62 = {
						CreatedOnToolsVersion = 11.7;
					};
				};
			};
			buildConfigurationList = 571C2000250FFABA0063ED62 /* Build configuration list for PBXProject "Audio-Trimming" */;
			compatibilityVersion = "Xcode 9.3";
			developmentRegion = en;
			hasScannedForEncodings = 0;
			knownRegions = (
				en,
				Base,
			);
			mainGroup = 571C1FFC250FFABA0063ED62;
			productRefGroup = 571C2006250FFABA0063ED62 /* Products */;
			projectDirPath = "";
			projectRoot = "";
			targets = (
				571C2004250FFABA0063ED62 /* Audio-Trimming */,
			);
		};
/* End PBXProject section */

/* Begin PBXResourcesBuildPhase section */
		571C2003250FFABA0063ED62 /* Resources */ = {
			isa = PBXResourcesBuildPhase;
			buildActionMask = 2147483647;
			files = (
				571C2015250FFABD0063ED62 /* LaunchScreen.storyboard in Resources */,
				571C2012250FFABD0063ED62 /* Assets.xcassets in Resources */,
				571C2010250FFABA0063ED62 /* Main.storyboard in Resources */,
				5713ECF5250FFFA80061B2EB /* timeless.mp3 in Resources */,
			);
			runOnlyForDeploymentPostprocessing = 0;
		};
/* End PBXResourcesBuildPhase section */

/* Begin PBXSourcesBuildPhase section */
		571C2001250FFABA0063ED62 /* Sources */ = {
			isa = PBXSourcesBuildPhase;
			buildActionMask = 2147483647;
			files = (
				571C200D250FFABA0063ED62 /* AudioViewController.swift in Sources */,
				571C2009250FFABA0063ED62 /* AppDelegate.swift in Sources */,
				571C200B250FFABA0063ED62 /* SceneDelegate.swift in Sources */,
			);
			runOnlyForDeploymentPostprocessing = 0;
		};
/* End PBXSourcesBuildPhase section */

/* Begin PBXVariantGroup section */
		571C200E250FFABA0063ED62 /* Main.storyboard */ = {
			isa = PBXVariantGroup;
			children = (
				571C200F250FFABA0063ED62 /* Base */,
			);
			name = Main.storyboard;
			sourceTree = "<group>";
		};
		571C2013250FFABD0063ED62 /* LaunchScreen.storyboard */ = {
			isa = PBXVariantGroup;
			children = (
				571C2014250FFABD0063ED62 /* Base */,
			);
			name = LaunchScreen.storyboard;
			sourceTree = "<group>";
		};
/* End PBXVariantGroup section */

/* Begin XCBuildConfiguration section */
		571C2017250FFABD0063ED62 /* Debug */ = {
			isa = XCBuildConfiguration;
			buildSettings = {
				ALWAYS_SEARCH_USER_PATHS = NO;
				CLANG_ANALYZER_NONNULL = YES;
				CLANG_ANALYZER_NUMBER_OBJECT_CONVERSION = YES_AGGRESSIVE;
				CLANG_CXX_LANGUAGE_STANDARD = "gnu++14";
				CLANG_CXX_LIBRARY = "libc++";
				CLANG_ENABLE_MODULES = YES;
				CLANG_ENABLE_OBJC_ARC = YES;
				CLANG_ENABLE_OBJC_WEAK = YES;
				CLANG_WARN_BLOCK_CAPTURE_AUTORELEASING = YES;
				CLANG_WARN_BOOL_CONVERSION = YES;
				CLANG_WARN_COMMA = YES;
				CLANG_WARN_CONSTANT_CONVERSION = YES;
				CLANG_WARN_DEPRECATED_OBJC_IMPLEMENTATIONS = YES;
				CLANG_WARN_DIRECT_OBJC_ISA_USAGE = YES_ERROR;
				CLANG_WARN_DOCUMENTATION_COMMENTS = YES;
				CLANG_WARN_EMPTY_BODY = YES;
				CLANG_WARN_ENUM_CONVERSION = YES;
				CLANG_WARN_INFINITE_RECURSION = YES;
				CLANG_WARN_INT_CONVERSION = YES;
				CLANG_WARN_NON_LITERAL_NULL_CONVERSION = YES;
				CLANG_WARN_OBJC_IMPLICIT_RETAIN_SELF = YES;
				CLANG_WARN_OBJC_LITERAL_CONVERSION = YES;
				CLANG_WARN_OBJC_ROOT_CLASS = YES_ERROR;
				CLANG_WARN_RANGE_LOOP_ANALYSIS = YES;
				CLANG_WARN_STRICT_PROTOTYPES = YES;
				CLANG_WARN_SUSPICIOUS_MOVE = YES;
				CLANG_WARN_UNGUARDED_AVAILABILITY = YES_AGGRESSIVE;
				CLANG_WARN_UNREACHABLE_CODE = YES;
				CLANG_WARN__DUPLICATE_METHOD_MATCH = YES;
				COPY_PHASE_STRIP = NO;
				DEBUG_INFORMATION_FORMAT = dwarf;
				ENABLE_STRICT_OBJC_MSGSEND = YES;
				ENABLE_TESTABILITY = YES;
				GCC_C_LANGUAGE_STANDARD = gnu11;
				GCC_DYNAMIC_NO_PIC = NO;
				GCC_NO_COMMON_BLOCKS = YES;
				GCC_OPTIMIZATION_LEVEL = 0;
				GCC_PREPROCESSOR_DEFINITIONS = (
					"DEBUG=1",
					"$(inherited)",
				);
				GCC_WARN_64_TO_32_BIT_CONVERSION = YES;
				GCC_WARN_ABOUT_RETURN_TYPE = YES_ERROR;
				GCC_WARN_UNDECLARED_SELECTOR = YES;
				GCC_WARN_UNINITIALIZED_AUTOS = YES_AGGRESSIVE;
				GCC_WARN_UNUSED_FUNCTION = YES;
				GCC_WARN_UNUSED_VARIABLE = YES;
				IPHONEOS_DEPLOYMENT_TARGET = 13.7;
				MTL_ENABLE_DEBUG_INFO = INCLUDE_SOURCE;
				MTL_FAST_MATH = YES;
				ONLY_ACTIVE_ARCH = YES;
				SDKROOT = iphoneos;
				SWIFT_ACTIVE_COMPILATION_CONDITIONS = DEBUG;
				SWIFT_OPTIMIZATION_LEVEL = "-Onone";
			};
			name = Debug;
		};
		571C2018250FFABD0063ED62 /* Release */ = {
			isa = XCBuildConfiguration;
			buildSettings = {
				ALWAYS_SEARCH_USER_PATHS = NO;
				CLANG_ANALYZER_NONNULL = YES;
				CLANG_ANALYZER_NUMBER_OBJECT_CONVERSION = YES_AGGRESSIVE;
				CLANG_CXX_LANGUAGE_STANDARD = "gnu++14";
				CLANG_CXX_LIBRARY = "libc++";
				CLANG_ENABLE_MODULES = YES;
				CLANG_ENABLE_OBJC_ARC = YES;
				CLANG_ENABLE_OBJC_WEAK = YES;
				CLANG_WARN_BLOCK_CAPTURE_AUTORELEASING = YES;
				CLANG_WARN_BOOL_CONVERSION = YES;
				CLANG_WARN_COMMA = YES;
				CLANG_WARN_CONSTANT_CONVERSION = YES;
				CLANG_WARN_DEPRECATED_OBJC_IMPLEMENTATIONS = YES;
				CLANG_WARN_DIRECT_OBJC_ISA_USAGE = YES_ERROR;
				CLANG_WARN_DOCUMENTATION_COMMENTS = YES;
				CLANG_WARN_EMPTY_BODY = YES;
				CLANG_WARN_ENUM_CONVERSION = YES;
				CLANG_WARN_INFINITE_RECURSION = YES;
				CLANG_WARN_INT_CONVERSION = YES;
				CLANG_WARN_NON_LITERAL_NULL_CONVERSION = YES;
				CLANG_WARN_OBJC_IMPLICIT_RETAIN_SELF = YES;
				CLANG_WARN_OBJC_LITERAL_CONVERSION = YES;
				CLANG_WARN_OBJC_ROOT_CLASS = YES_ERROR;
				CLANG_WARN_RANGE_LOOP_ANALYSIS = YES;
				CLANG_WARN_STRICT_PROTOTYPES = YES;
				CLANG_WARN_SUSPICIOUS_MOVE = YES;
				CLANG_WARN_UNGUARDED_AVAILABILITY = YES_AGGRESSIVE;
				CLANG_WARN_UNREACHABLE_CODE = YES;
				CLANG_WARN__DUPLICATE_METHOD_MATCH = YES;
				COPY_PHASE_STRIP = NO;
				DEBUG_INFORMATION_FORMAT = "dwarf-with-dsym";
				ENABLE_NS_ASSERTIONS = NO;
				ENABLE_STRICT_OBJC_MSGSEND = YES;
				GCC_C_LANGUAGE_STANDARD = gnu11;
				GCC_NO_COMMON_BLOCKS = YES;
				GCC_WARN_64_TO_32_BIT_CONVERSION = YES;
				GCC_WARN_ABOUT_RETURN_TYPE = YES_ERROR;
				GCC_WARN_UNDECLARED_SELECTOR = YES;
				GCC_WARN_UNINITIALIZED_AUTOS = YES_AGGRESSIVE;
				GCC_WARN_UNUSED_FUNCTION = YES;
				GCC_WARN_UNUSED_VARIABLE = YES;
				IPHONEOS_DEPLOYMENT_TARGET = 13.7;
				MTL_ENABLE_DEBUG_INFO = NO;
				MTL_FAST_MATH = YES;
				SDKROOT = iphoneos;
				SWIFT_COMPILATION_MODE = wholemodule;
				SWIFT_OPTIMIZATION_LEVEL = "-O";
				VALIDATE_PRODUCT = YES;
			};
			name = Release;
		};
		571C201A250FFABD0063ED62 /* Debug */ = {
			isa = XCBuildConfiguration;
			buildSettings = {
				ASSETCATALOG_COMPILER_APPICON_NAME = AppIcon;
				CODE_SIGN_STYLE = Automatic;
				DEVELOPMENT_TEAM = ZEKMNK5YD3;
				INFOPLIST_FILE = "Audio-Trimming/Info.plist";
				LD_RUNPATH_SEARCH_PATHS = (
					"$(inherited)",
					"@executable_path/Frameworks",
				);
				PRODUCT_BUNDLE_IDENTIFIER = "com.alexcpaul.Audio-Trimming";
				PRODUCT_NAME = "$(TARGET_NAME)";
				SWIFT_VERSION = 5.0;
				TARGETED_DEVICE_FAMILY = "1,2";
			};
			name = Debug;
		};
		571C201B250FFABD0063ED62 /* Release */ = {
			isa = XCBuildConfiguration;
			buildSettings = {
				ASSETCATALOG_COMPILER_APPICON_NAME = AppIcon;
				CODE_SIGN_STYLE = Automatic;
				DEVELOPMENT_TEAM = ZEKMNK5YD3;
				INFOPLIST_FILE = "Audio-Trimming/Info.plist";
				LD_RUNPATH_SEARCH_PATHS = (
					"$(inherited)",
					"@executable_path/Frameworks",
				);
				PRODUCT_BUNDLE_IDENTIFIER = "com.alexcpaul.Audio-Trimming";
				PRODUCT_NAME = "$(TARGET_NAME)";
				SWIFT_VERSION = 5.0;
				TARGETED_DEVICE_FAMILY = "1,2";
			};
			name = Release;
		};
/* End XCBuildConfiguration section */

/* Begin XCConfigurationList section */
		571C2000250FFABA0063ED62 /* Build configuration list for PBXProject "Audio-Trimming" */ = {
			isa = XCConfigurationList;
			buildConfigurations = (
				571C2017250FFABD0063ED62 /* Debug */,
				571C2018250FFABD0063ED62 /* Release */,
			);
			defaultConfigurationIsVisible = 0;
			defaultConfigurationName = Release;
		};
		571C2019250FFABD0063ED62 /* Build configuration list for PBXNativeTarget "Audio-Trimming" */ = {
			isa = XCConfigurationList;
			buildConfigurations = (
				571C201A250FFABD0063ED62 /* Debug */,
				571C201B250FFABD0063ED62 /* Release */,
			);
			defaultConfigurationIsVisible = 0;
			defaultConfigurationName = Release;
		};
/* End XCConfigurationList section */
	};
	rootObject = 571C1FFD250FFABA0063ED62 /* Project object */;
}
